
Microsoft Visual Studio Solution File, Format Version 12.00
# Visual Studio Version 16
VisualStudioVersion = 16.0.29215.179
MinimumVisualStudioVersion = 10.0.40219.1
Project("{9A19103F-16F7-4668-BE54-9A1E7A4F7556}") = "Disqord.Rest", "Disqord.Rest\Disqord.Rest.csproj", "{396B5F4E-8E7B-4531-AAE3-812E2962D760}"
EndProject
Project("{9A19103F-16F7-4668-BE54-9A1E7A4F7556}") = "Disqord.Core", "Disqord.Core\Disqord.Core.csproj", "{8854D6D7-DE00-4297-9DB4-E0A2D3A73587}"
EndProject
Project("{9A19103F-16F7-4668-BE54-9A1E7A4F7556}") = "Disqord.Test", "Disqord.Test\Disqord.Test.csproj", "{ADA9A39D-1CB1-426A-9D35-2E0D3214B4C0}"
EndProject
Project("{9A19103F-16F7-4668-BE54-9A1E7A4F7556}") = "Disqord.Rest.Api", "Disqord.Rest.Api\Disqord.Rest.Api.csproj", "{717FEA75-04A9-4577-BB17-069D93FD151B}"
EndProject
Project("{9A19103F-16F7-4668-BE54-9A1E7A4F7556}") = "Disqord.Gateway.Api", "Disqord.Gateway.Api\Disqord.Gateway.Api.csproj", "{72794613-3630-49A1-8368-236A0B618E39}"
EndProject
Project("{9A19103F-16F7-4668-BE54-9A1E7A4F7556}") = "Disqord.Gateway", "Disqord.Gateway\Disqord.Gateway.csproj", "{BDA03D6F-EF08-4E18-9E84-634B010D6225}"
EndProject
Project("{9A19103F-16F7-4668-BE54-9A1E7A4F7556}") = "Disqord", "Disqord\Disqord.csproj", "{22D83A06-4F6F-4F10-AE46-616ACD5B1EDA}"
EndProject
Project("{9A19103F-16F7-4668-BE54-9A1E7A4F7556}") = "Disqord.Bot", "Disqord.Bot\Disqord.Bot.csproj", "{B00F6EE1-42C5-44B1-A176-93A6E281DDA9}"
EndProject
Project("{9A19103F-16F7-4668-BE54-9A1E7A4F7556}") = "Disqord.Extensions.Voice", "Disqord.Extensions.Voice\Disqord.Extensions.Voice.csproj", "{2E0D08F4-3CE8-446D-9C08-4392DB163038}"
EndProject
Project("{FAE04EC0-301F-11D3-BF4B-00C04F79EFBC}") = "Disqord.Voice.Api", "Disqord.Voice.Api\Disqord.Voice.Api.csproj", "{0C7CDDA6-C9E7-44D8-A821-551933F8EADD}"
EndProject
Project("{FAE04EC0-301F-11D3-BF4B-00C04F79EFBC}") = "Disqord.Voice", "Disqord.Voice\Disqord.Voice.csproj", "{7AE1261E-A4BC-4609-B33F-07F95DAF212A}"
EndProject
Project("{FAE04EC0-301F-11D3-BF4B-00C04F79EFBC}") = "Disqord.Webhook", "Disqord.Webhook\Disqord.Webhook.csproj", "{5E7E9FD1-E97B-49DF-A3FB-2FFA294E199A}"
EndProject
Project("{FAE04EC0-301F-11D3-BF4B-00C04F79EFBC}") = "Disqord.OAuth2", "Disqord.OAuth2\Disqord.OAuth2.csproj", "{695F86A5-A09B-4174-938E-CFE7D5A70406}"
EndProject
Project("{FAE04EC0-301F-11D3-BF4B-00C04F79EFBC}") = "Disqord.Extensions.Interactivity", "Disqord.Extensions.Interactivity\Disqord.Extensions.Interactivity.csproj", "{21215770-5689-4F8A-91CC-C0F4B10DEE28}"
EndProject
Project("{FAE04EC0-301F-11D3-BF4B-00C04F79EFBC}") = "Disqord.Abstractions", "Disqord.Abstractions\Disqord.Abstractions.csproj", "{3F54C978-8191-47DD-A4A6-BB574B136106}"
EndProject
Project("{2150E333-8FDC-42A3-9474-1A3956D46DE8}") = "Extensions", "Extensions", "{76075B9F-E7A3-4826-975A-3AE99D70568E}"
EndProject
Project("{2150E333-8FDC-42A3-9474-1A3956D46DE8}") = "Voice", "Voice", "{1D16601F-6B02-44AE-ACC0-4324B3F903CB}"
EndProject
Project("{2150E333-8FDC-42A3-9474-1A3956D46DE8}") = "Rest", "Rest", "{AF097960-6CEC-4743-971D-B2D523789416}"
EndProject
Project("{2150E333-8FDC-42A3-9474-1A3956D46DE8}") = "Gateway", "Gateway", "{EF21E46D-0F28-4C52-8C32-D5580F54DEE1}"
EndProject
Project("{2150E333-8FDC-42A3-9474-1A3956D46DE8}") = "Webhook", "Webhook", "{D23AB93A-1FE5-4ADF-8397-F0CA3E7B92C6}"
EndProject
Project("{2150E333-8FDC-42A3-9474-1A3956D46DE8}") = "OAuth2", "OAuth2", "{9E1AB892-89C0-4626-B27C-85732F54CF07}"
EndProject
Project("{2150E333-8FDC-42A3-9474-1A3956D46DE8}") = "Tests", "Tests", "{36D4F2C3-20A3-40B0-8FD9-1F4F0CB48338}"
EndProject
Project("{2150E333-8FDC-42A3-9474-1A3956D46DE8}") = "Main", "Main", "{89BF83D8-B8FE-470D-A083-D334E2C0FBB1}"
EndProject
Project("{2150E333-8FDC-42A3-9474-1A3956D46DE8}") = "Core", "Core", "{18880550-0F63-4E2A-84EC-7DB86013BDCE}"
EndProject
Project("{2150E333-8FDC-42A3-9474-1A3956D46DE8}") = "Bot", "Bot", "{14AD8009-0E51-4518-9765-38310495E4CA}"
EndProject
Global
	GlobalSection(SolutionConfigurationPlatforms) = preSolution
		Debug|Any CPU = Debug|Any CPU
		Release|Any CPU = Release|Any CPU
	EndGlobalSection
	GlobalSection(ProjectConfigurationPlatforms) = postSolution
		{396B5F4E-8E7B-4531-AAE3-812E2962D760}.Debug|Any CPU.ActiveCfg = Debug|Any CPU
		{396B5F4E-8E7B-4531-AAE3-812E2962D760}.Debug|Any CPU.Build.0 = Debug|Any CPU
		{396B5F4E-8E7B-4531-AAE3-812E2962D760}.Release|Any CPU.ActiveCfg = Release|Any CPU
		{396B5F4E-8E7B-4531-AAE3-812E2962D760}.Release|Any CPU.Build.0 = Release|Any CPU
		{8854D6D7-DE00-4297-9DB4-E0A2D3A73587}.Debug|Any CPU.ActiveCfg = Debug|Any CPU
		{8854D6D7-DE00-4297-9DB4-E0A2D3A73587}.Debug|Any CPU.Build.0 = Debug|Any CPU
		{8854D6D7-DE00-4297-9DB4-E0A2D3A73587}.Release|Any CPU.ActiveCfg = Release|Any CPU
		{8854D6D7-DE00-4297-9DB4-E0A2D3A73587}.Release|Any CPU.Build.0 = Release|Any CPU
		{ADA9A39D-1CB1-426A-9D35-2E0D3214B4C0}.Debug|Any CPU.ActiveCfg = Debug|Any CPU
		{ADA9A39D-1CB1-426A-9D35-2E0D3214B4C0}.Debug|Any CPU.Build.0 = Debug|Any CPU
		{ADA9A39D-1CB1-426A-9D35-2E0D3214B4C0}.Release|Any CPU.ActiveCfg = Release|Any CPU
		{ADA9A39D-1CB1-426A-9D35-2E0D3214B4C0}.Release|Any CPU.Build.0 = Release|Any CPU
		{717FEA75-04A9-4577-BB17-069D93FD151B}.Debug|Any CPU.ActiveCfg = Debug|Any CPU
		{717FEA75-04A9-4577-BB17-069D93FD151B}.Debug|Any CPU.Build.0 = Debug|Any CPU
		{717FEA75-04A9-4577-BB17-069D93FD151B}.Release|Any CPU.ActiveCfg = Release|Any CPU
		{717FEA75-04A9-4577-BB17-069D93FD151B}.Release|Any CPU.Build.0 = Release|Any CPU
		{72794613-3630-49A1-8368-236A0B618E39}.Debug|Any CPU.ActiveCfg = Debug|Any CPU
		{72794613-3630-49A1-8368-236A0B618E39}.Debug|Any CPU.Build.0 = Debug|Any CPU
		{72794613-3630-49A1-8368-236A0B618E39}.Release|Any CPU.ActiveCfg = Release|Any CPU
		{72794613-3630-49A1-8368-236A0B618E39}.Release|Any CPU.Build.0 = Release|Any CPU
		{BDA03D6F-EF08-4E18-9E84-634B010D6225}.Debug|Any CPU.ActiveCfg = Debug|Any CPU
		{BDA03D6F-EF08-4E18-9E84-634B010D6225}.Debug|Any CPU.Build.0 = Debug|Any CPU
		{BDA03D6F-EF08-4E18-9E84-634B010D6225}.Release|Any CPU.ActiveCfg = Release|Any CPU
		{BDA03D6F-EF08-4E18-9E84-634B010D6225}.Release|Any CPU.Build.0 = Release|Any CPU
		{22D83A06-4F6F-4F10-AE46-616ACD5B1EDA}.Debug|Any CPU.ActiveCfg = Debug|Any CPU
		{22D83A06-4F6F-4F10-AE46-616ACD5B1EDA}.Debug|Any CPU.Build.0 = Debug|Any CPU
		{22D83A06-4F6F-4F10-AE46-616ACD5B1EDA}.Release|Any CPU.ActiveCfg = Release|Any CPU
		{22D83A06-4F6F-4F10-AE46-616ACD5B1EDA}.Release|Any CPU.Build.0 = Release|Any CPU
		{B00F6EE1-42C5-44B1-A176-93A6E281DDA9}.Debug|Any CPU.ActiveCfg = Debug|Any CPU
		{B00F6EE1-42C5-44B1-A176-93A6E281DDA9}.Debug|Any CPU.Build.0 = Debug|Any CPU
		{B00F6EE1-42C5-44B1-A176-93A6E281DDA9}.Release|Any CPU.ActiveCfg = Release|Any CPU
		{B00F6EE1-42C5-44B1-A176-93A6E281DDA9}.Release|Any CPU.Build.0 = Release|Any CPU
		{2E0D08F4-3CE8-446D-9C08-4392DB163038}.Debug|Any CPU.ActiveCfg = Debug|Any CPU
		{2E0D08F4-3CE8-446D-9C08-4392DB163038}.Debug|Any CPU.Build.0 = Debug|Any CPU
		{2E0D08F4-3CE8-446D-9C08-4392DB163038}.Release|Any CPU.ActiveCfg = Release|Any CPU
		{2E0D08F4-3CE8-446D-9C08-4392DB163038}.Release|Any CPU.Build.0 = Release|Any CPU
		{0C7CDDA6-C9E7-44D8-A821-551933F8EADD}.Debug|Any CPU.ActiveCfg = Debug|Any CPU
		{0C7CDDA6-C9E7-44D8-A821-551933F8EADD}.Debug|Any CPU.Build.0 = Debug|Any CPU
		{0C7CDDA6-C9E7-44D8-A821-551933F8EADD}.Release|Any CPU.ActiveCfg = Release|Any CPU
		{0C7CDDA6-C9E7-44D8-A821-551933F8EADD}.Release|Any CPU.Build.0 = Release|Any CPU
		{7AE1261E-A4BC-4609-B33F-07F95DAF212A}.Debug|Any CPU.ActiveCfg = Debug|Any CPU
		{7AE1261E-A4BC-4609-B33F-07F95DAF212A}.Debug|Any CPU.Build.0 = Debug|Any CPU
		{7AE1261E-A4BC-4609-B33F-07F95DAF212A}.Release|Any CPU.ActiveCfg = Release|Any CPU
		{7AE1261E-A4BC-4609-B33F-07F95DAF212A}.Release|Any CPU.Build.0 = Release|Any CPU
		{5E7E9FD1-E97B-49DF-A3FB-2FFA294E199A}.Debug|Any CPU.ActiveCfg = Debug|Any CPU
		{5E7E9FD1-E97B-49DF-A3FB-2FFA294E199A}.Debug|Any CPU.Build.0 = Debug|Any CPU
		{5E7E9FD1-E97B-49DF-A3FB-2FFA294E199A}.Release|Any CPU.ActiveCfg = Release|Any CPU
		{5E7E9FD1-E97B-49DF-A3FB-2FFA294E199A}.Release|Any CPU.Build.0 = Release|Any CPU
		{695F86A5-A09B-4174-938E-CFE7D5A70406}.Debug|Any CPU.ActiveCfg = Debug|Any CPU
		{695F86A5-A09B-4174-938E-CFE7D5A70406}.Debug|Any CPU.Build.0 = Debug|Any CPU
		{695F86A5-A09B-4174-938E-CFE7D5A70406}.Release|Any CPU.ActiveCfg = Release|Any CPU
		{695F86A5-A09B-4174-938E-CFE7D5A70406}.Release|Any CPU.Build.0 = Release|Any CPU
		{21215770-5689-4F8A-91CC-C0F4B10DEE28}.Debug|Any CPU.ActiveCfg = Debug|Any CPU
		{21215770-5689-4F8A-91CC-C0F4B10DEE28}.Debug|Any CPU.Build.0 = Debug|Any CPU
		{21215770-5689-4F8A-91CC-C0F4B10DEE28}.Release|Any CPU.ActiveCfg = Release|Any CPU
		{21215770-5689-4F8A-91CC-C0F4B10DEE28}.Release|Any CPU.Build.0 = Release|Any CPU
		{3F54C978-8191-47DD-A4A6-BB574B136106}.Debug|Any CPU.ActiveCfg = Debug|Any CPU
		{3F54C978-8191-47DD-A4A6-BB574B136106}.Debug|Any CPU.Build.0 = Debug|Any CPU
		{3F54C978-8191-47DD-A4A6-BB574B136106}.Release|Any CPU.ActiveCfg = Release|Any CPU
		{3F54C978-8191-47DD-A4A6-BB574B136106}.Release|Any CPU.Build.0 = Release|Any CPU
	EndGlobalSection
	GlobalSection(SolutionProperties) = preSolution
		HideSolutionNode = FALSE
	EndGlobalSection
	GlobalSection(ExtensibilityGlobals) = postSolution
		SolutionGuid = {EFD09C91-3B86-4BB5-ABCD-4E8DD454F224}
	EndGlobalSection
	GlobalSection(NestedProjects) = preSolution
		{2E0D08F4-3CE8-446D-9C08-4392DB163038} = {76075B9F-E7A3-4826-975A-3AE99D70568E}
		{21215770-5689-4F8A-91CC-C0F4B10DEE28} = {76075B9F-E7A3-4826-975A-3AE99D70568E}
		{72794613-3630-49A1-8368-236A0B618E39} = {EF21E46D-0F28-4C52-8C32-D5580F54DEE1}
		{BDA03D6F-EF08-4E18-9E84-634B010D6225} = {EF21E46D-0F28-4C52-8C32-D5580F54DEE1}
		{0C7CDDA6-C9E7-44D8-A821-551933F8EADD} = {1D16601F-6B02-44AE-ACC0-4324B3F903CB}
		{7AE1261E-A4BC-4609-B33F-07F95DAF212A} = {1D16601F-6B02-44AE-ACC0-4324B3F903CB}
		{717FEA75-04A9-4577-BB17-069D93FD151B} = {AF097960-6CEC-4743-971D-B2D523789416}
		{396B5F4E-8E7B-4531-AAE3-812E2962D760} = {AF097960-6CEC-4743-971D-B2D523789416}
		{695F86A5-A09B-4174-938E-CFE7D5A70406} = {9E1AB892-89C0-4626-B27C-85732F54CF07}
		{5E7E9FD1-E97B-49DF-A3FB-2FFA294E199A} = {D23AB93A-1FE5-4ADF-8397-F0CA3E7B92C6}
		{ADA9A39D-1CB1-426A-9D35-2E0D3214B4C0} = {36D4F2C3-20A3-40B0-8FD9-1F4F0CB48338}
		{22D83A06-4F6F-4F10-AE46-616ACD5B1EDA} = {89BF83D8-B8FE-470D-A083-D334E2C0FBB1}
		{3F54C978-8191-47DD-A4A6-BB574B136106} = {89BF83D8-B8FE-470D-A083-D334E2C0FBB1}
		{EF21E46D-0F28-4C52-8C32-D5580F54DEE1} = {18880550-0F63-4E2A-84EC-7DB86013BDCE}
		{AF097960-6CEC-4743-971D-B2D523789416} = {18880550-0F63-4E2A-84EC-7DB86013BDCE}
		{1D16601F-6B02-44AE-ACC0-4324B3F903CB} = {18880550-0F63-4E2A-84EC-7DB86013BDCE}
		{8854D6D7-DE00-4297-9DB4-E0A2D3A73587} = {18880550-0F63-4E2A-84EC-7DB86013BDCE}
		{76075B9F-E7A3-4826-975A-3AE99D70568E} = {89BF83D8-B8FE-470D-A083-D334E2C0FBB1}
		{9E1AB892-89C0-4626-B27C-85732F54CF07} = {18880550-0F63-4E2A-84EC-7DB86013BDCE}
		{D23AB93A-1FE5-4ADF-8397-F0CA3E7B92C6} = {18880550-0F63-4E2A-84EC-7DB86013BDCE}
		{14AD8009-0E51-4518-9765-38310495E4CA} = {89BF83D8-B8FE-470D-A083-D334E2C0FBB1}
		{B00F6EE1-42C5-44B1-A176-93A6E281DDA9} = {14AD8009-0E51-4518-9765-38310495E4CA}
	EndGlobalSection
EndGlobal
