
Microsoft Visual Studio Solution File, Format Version 12.00
# Visual Studio Version 16
VisualStudioVersion = 16.0.29215.179
MinimumVisualStudioVersion = 10.0.40219.1
Project("{9A19103F-16F7-4668-BE54-9A1E7A4F7556}") = "Disqord", "Disqord\Disqord.csproj", "{B22F7009-D3D8-484C-A5FC-E8AE0268FD07}"
EndProject
Project("{9A19103F-16F7-4668-BE54-9A1E7A4F7556}") = "Disqord.Rest", "Disqord.Rest\Disqord.Rest.csproj", "{396B5F4E-8E7B-4531-AAE3-812E2962D760}"
EndProject
Project("{9A19103F-16F7-4668-BE54-9A1E7A4F7556}") = "Disqord.Bot", "Disqord.Bot\Disqord.Bot.csproj", "{8E9B63EA-AD4F-442D-9CD0-A8C65C3A34B9}"
EndProject
Project("{9A19103F-16F7-4668-BE54-9A1E7A4F7556}") = "Disqord.Extensions.Audio", "Disqord.Extensions.Audio\Disqord.Extensions.Audio.csproj", "{2CE2445F-ED2E-483E-958C-61D8A2119C0D}"
EndProject
Project("{9A19103F-16F7-4668-BE54-9A1E7A4F7556}") = "Disqord.Extensions.Interactivity", "Disqord.Extensions.Interactivity\Disqord.Extensions.Interactivity.csproj", "{32A7BAE5-C5C4-4413-97AF-E6A810CCABC3}"
EndProject
Project("{9A19103F-16F7-4668-BE54-9A1E7A4F7556}") = "Disqord.Core", "Disqord.Core\Disqord.Core.csproj", "{8854D6D7-DE00-4297-9DB4-E0A2D3A73587}"
EndProject
Project("{9A19103F-16F7-4668-BE54-9A1E7A4F7556}") = "Disqord.Serialization.Json.Newtonsoft", "Disqord.Serialization.Newtonsoft\Disqord.Serialization.Json.Newtonsoft.csproj", "{EB5B5FFC-F02F-438F-8DD5-2578ADFBB8B7}"
EndProject
Project("{9A19103F-16F7-4668-BE54-9A1E7A4F7556}") = "Disqord.Test", "Disqord.Test\Disqord.Test.csproj", "{ADA9A39D-1CB1-426A-9D35-2E0D3214B4C0}"
EndProject
Global
	GlobalSection(SolutionConfigurationPlatforms) = preSolution
		Debug|Any CPU = Debug|Any CPU
		Release|Any CPU = Release|Any CPU
	EndGlobalSection
	GlobalSection(ProjectConfigurationPlatforms) = postSolution
		{B22F7009-D3D8-484C-A5FC-E8AE0268FD07}.Debug|Any CPU.ActiveCfg = Debug|Any CPU
		{B22F7009-D3D8-484C-A5FC-E8AE0268FD07}.Debug|Any CPU.Build.0 = Debug|Any CPU
		{B22F7009-D3D8-484C-A5FC-E8AE0268FD07}.Release|Any CPU.ActiveCfg = Release|Any CPU
		{B22F7009-D3D8-484C-A5FC-E8AE0268FD07}.Release|Any CPU.Build.0 = Release|Any CPU
		{396B5F4E-8E7B-4531-AAE3-812E2962D760}.Debug|Any CPU.ActiveCfg = Debug|Any CPU
		{396B5F4E-8E7B-4531-AAE3-812E2962D760}.Debug|Any CPU.Build.0 = Debug|Any CPU
		{396B5F4E-8E7B-4531-AAE3-812E2962D760}.Release|Any CPU.ActiveCfg = Release|Any CPU
		{396B5F4E-8E7B-4531-AAE3-812E2962D760}.Release|Any CPU.Build.0 = Release|Any CPU
		{8E9B63EA-AD4F-442D-9CD0-A8C65C3A34B9}.Debug|Any CPU.ActiveCfg = Debug|Any CPU
		{8E9B63EA-AD4F-442D-9CD0-A8C65C3A34B9}.Debug|Any CPU.Build.0 = Debug|Any CPU
		{8E9B63EA-AD4F-442D-9CD0-A8C65C3A34B9}.Release|Any CPU.ActiveCfg = Release|Any CPU
		{8E9B63EA-AD4F-442D-9CD0-A8C65C3A34B9}.Release|Any CPU.Build.0 = Release|Any CPU
		{2CE2445F-ED2E-483E-958C-61D8A2119C0D}.Debug|Any CPU.ActiveCfg = Debug|Any CPU
		{2CE2445F-ED2E-483E-958C-61D8A2119C0D}.Debug|Any CPU.Build.0 = Debug|Any CPU
		{2CE2445F-ED2E-483E-958C-61D8A2119C0D}.Release|Any CPU.ActiveCfg = Release|Any CPU
		{2CE2445F-ED2E-483E-958C-61D8A2119C0D}.Release|Any CPU.Build.0 = Release|Any CPU
		{32A7BAE5-C5C4-4413-97AF-E6A810CCABC3}.Debug|Any CPU.ActiveCfg = Debug|Any CPU
		{32A7BAE5-C5C4-4413-97AF-E6A810CCABC3}.Debug|Any CPU.Build.0 = Debug|Any CPU
		{32A7BAE5-C5C4-4413-97AF-E6A810CCABC3}.Release|Any CPU.ActiveCfg = Release|Any CPU
		{32A7BAE5-C5C4-4413-97AF-E6A810CCABC3}.Release|Any CPU.Build.0 = Release|Any CPU
		{8854D6D7-DE00-4297-9DB4-E0A2D3A73587}.Debug|Any CPU.ActiveCfg = Debug|Any CPU
		{8854D6D7-DE00-4297-9DB4-E0A2D3A73587}.Debug|Any CPU.Build.0 = Debug|Any CPU
		{8854D6D7-DE00-4297-9DB4-E0A2D3A73587}.Release|Any CPU.ActiveCfg = Release|Any CPU
		{8854D6D7-DE00-4297-9DB4-E0A2D3A73587}.Release|Any CPU.Build.0 = Release|Any CPU
		{EB5B5FFC-F02F-438F-8DD5-2578ADFBB8B7}.Debug|Any CPU.ActiveCfg = Debug|Any CPU
		{EB5B5FFC-F02F-438F-8DD5-2578ADFBB8B7}.Debug|Any CPU.Build.0 = Debug|Any CPU
		{EB5B5FFC-F02F-438F-8DD5-2578ADFBB8B7}.Release|Any CPU.ActiveCfg = Release|Any CPU
		{EB5B5FFC-F02F-438F-8DD5-2578ADFBB8B7}.Release|Any CPU.Build.0 = Release|Any CPU
		{ADA9A39D-1CB1-426A-9D35-2E0D3214B4C0}.Debug|Any CPU.ActiveCfg = Debug|Any CPU
		{ADA9A39D-1CB1-426A-9D35-2E0D3214B4C0}.Debug|Any CPU.Build.0 = Debug|Any CPU
		{ADA9A39D-1CB1-426A-9D35-2E0D3214B4C0}.Release|Any CPU.ActiveCfg = Release|Any CPU
		{ADA9A39D-1CB1-426A-9D35-2E0D3214B4C0}.Release|Any CPU.Build.0 = Release|Any CPU
	EndGlobalSection
	GlobalSection(SolutionProperties) = preSolution
		HideSolutionNode = FALSE
	EndGlobalSection
	GlobalSection(ExtensibilityGlobals) = postSolution
		SolutionGuid = {EFD09C91-3B86-4BB5-ABCD-4E8DD454F224}
	EndGlobalSection
EndGlobal
